
Microsoft Visual Studio Solution File, Format Version 12.00
# Visual Studio Version 16
VisualStudioVersion = 16.0.31005.135
MinimumVisualStudioVersion = 10.0.40219.1
Project("{FAE04EC0-301F-11D3-BF4B-00C04F79EFBC}") = "Assessment", "Assessment.csproj", "{849EB9B0-A42D-4237-817F-CED1DC244147}"
EndProject
Global
	GlobalSection(SolutionConfigurationPlatforms) = preSolution
		Debug|Any CPU = Debug|Any CPU
		Release|Any CPU = Release|Any CPU
	EndGlobalSection
	GlobalSection(ProjectConfigurationPlatforms) = postSolution
		{849EB9B0-A42D-4237-817F-CED1DC244147}.Debug|Any CPU.ActiveCfg = Debug|Any CPU
		{849EB9B0-A42D-4237-817F-CED1DC244147}.Debug|Any CPU.Build.0 = Debug|Any CPU
		{849EB9B0-A42D-4237-817F-CED1DC244147}.Release|Any CPU.ActiveCfg = Release|Any CPU
		{849EB9B0-A42D-4237-817F-CED1DC244147}.Release|Any CPU.Build.0 = Release|Any CPU
	EndGlobalSection
	GlobalSection(SolutionProperties) = preSolution
		HideSolutionNode = FALSE
	EndGlobalSection
	GlobalSection(ExtensibilityGlobals) = postSolution
		SolutionGuid = {69FB71E2-90F9-4A95-9F79-935E53DA3E04}
	EndGlobalSection
EndGlobal
